// !$*UTF8*$!
{
	archiveVersion = 1;
	classes = {
	};
	objectVersion = 56;
	objects = {

/* Begin PBXBuildFile section */
		7945720D2BAACD900035BCB2 /* InstaGramApp.swift in Sources */ = {isa = PBXBuildFile; fileRef = 7945720C2BAACD900035BCB2 /* InstaGramApp.swift */; };
		7945720F2BAACD900035BCB2 /* ContentView.swift in Sources */ = {isa = PBXBuildFile; fileRef = 7945720E2BAACD900035BCB2 /* ContentView.swift */; };
		794572112BAACD910035BCB2 /* Assets.xcassets in Resources */ = {isa = PBXBuildFile; fileRef = 794572102BAACD910035BCB2 /* Assets.xcassets */; };
		794572142BAACD910035BCB2 /* Preview Assets.xcassets in Resources */ = {isa = PBXBuildFile; fileRef = 794572132BAACD910035BCB2 /* Preview Assets.xcassets */; };
		7945721D2BAACF270035BCB2 /* MainTabView.swift in Sources */ = {isa = PBXBuildFile; fileRef = 7945721C2BAACF270035BCB2 /* MainTabView.swift */; };
		794572212BAAD1E10035BCB2 /* ProfileView.swift in Sources */ = {isa = PBXBuildFile; fileRef = 794572202BAAD1E10035BCB2 /* ProfileView.swift */; };
		795870AD2BB2B56B00E5E9E2 /* HomeView.swift in Sources */ = {isa = PBXBuildFile; fileRef = 795870AC2BB2B56B00E5E9E2 /* HomeView.swift */; };
		796AD7F02BB25F2D00379B50 /* ColorSet.xcassets in Resources */ = {isa = PBXBuildFile; fileRef = 796AD7EF2BB25F2D00379B50 /* ColorSet.xcassets */; };
		79708EA32BB450BA009C68E6 /* CircleUserImageview.swift in Sources */ = {isa = PBXBuildFile; fileRef = 79708EA22BB450BA009C68E6 /* CircleUserImageview.swift */; };
		79B107F62BB10ED90029FD25 /* ProfileContentGridView.swift in Sources */ = {isa = PBXBuildFile; fileRef = 79B107F52BB10ED90029FD25 /* ProfileContentGridView.swift */; };
		79D742CB2BB5921600257366 /* StoryView.swift in Sources */ = {isa = PBXBuildFile; fileRef = 79D742CA2BB5921600257366 /* StoryView.swift */; };
		79F87D2A2BADADAF002B4637 /* ProfileContentBtnModifier.swift in Sources */ = {isa = PBXBuildFile; fileRef = 79F87D292BADADAF002B4637 /* ProfileContentBtnModifier.swift */; };
		79FB9F872BAAFCC6002E329B /* ProfileInfoView.swift in Sources */ = {isa = PBXBuildFile; fileRef = 79FB9F862BAAFCC6002E329B /* ProfileInfoView.swift */; };
		79FCE5002BAC2DAA00C48C5D /* PlusBtnIconView.swift in Sources */ = {isa = PBXBuildFile; fileRef = 79FCE4FF2BAC2DAA00C48C5D /* PlusBtnIconView.swift */; };
		79FCE5032BAC34BE00C48C5D /* FrameExtensionView.swift in Sources */ = {isa = PBXBuildFile; fileRef = 79FCE5022BAC34BE00C48C5D /* FrameExtensionView.swift */; };
		79FCE5062BAC400600C48C5D /* ProfileBtnView.swift in Sources */ = {isa = PBXBuildFile; fileRef = 79FCE5052BAC400600C48C5D /* ProfileBtnView.swift */; };
/* End PBXBuildFile section */

/* Begin PBXFileReference section */
		794572092BAACD900035BCB2 /* InstaGram.app */ = {isa = PBXFileReference; explicitFileType = wrapper.application; includeInIndex = 0; path = InstaGram.app; sourceTree = BUILT_PRODUCTS_DIR; };
		7945720C2BAACD900035BCB2 /* InstaGramApp.swift */ = {isa = PBXFileReference; lastKnownFileType = sourcecode.swift; path = InstaGramApp.swift; sourceTree = "<group>"; };
		7945720E2BAACD900035BCB2 /* ContentView.swift */ = {isa = PBXFileReference; lastKnownFileType = sourcecode.swift; path = ContentView.swift; sourceTree = "<group>"; };
		794572102BAACD910035BCB2 /* Assets.xcassets */ = {isa = PBXFileReference; lastKnownFileType = folder.assetcatalog; path = Assets.xcassets; sourceTree = "<group>"; };
		794572132BAACD910035BCB2 /* Preview Assets.xcassets */ = {isa = PBXFileReference; lastKnownFileType = folder.assetcatalog; path = "Preview Assets.xcassets"; sourceTree = "<group>"; };
		7945721C2BAACF270035BCB2 /* MainTabView.swift */ = {isa = PBXFileReference; lastKnownFileType = sourcecode.swift; path = MainTabView.swift; sourceTree = "<group>"; };
		794572202BAAD1E10035BCB2 /* ProfileView.swift */ = {isa = PBXFileReference; lastKnownFileType = sourcecode.swift; path = ProfileView.swift; sourceTree = "<group>"; };
		795870AC2BB2B56B00E5E9E2 /* HomeView.swift */ = {isa = PBXFileReference; lastKnownFileType = sourcecode.swift; path = HomeView.swift; sourceTree = "<group>"; };
		796AD7EF2BB25F2D00379B50 /* ColorSet.xcassets */ = {isa = PBXFileReference; lastKnownFileType = folder.assetcatalog; path = ColorSet.xcassets; sourceTree = "<group>"; };
		79708EA22BB450BA009C68E6 /* CircleUserImageview.swift */ = {isa = PBXFileReference; lastKnownFileType = sourcecode.swift; path = CircleUserImageview.swift; sourceTree = "<group>"; };
		79B107F52BB10ED90029FD25 /* ProfileContentGridView.swift */ = {isa = PBXFileReference; lastKnownFileType = sourcecode.swift; path = ProfileContentGridView.swift; sourceTree = "<group>"; };
		79D742CA2BB5921600257366 /* StoryView.swift */ = {isa = PBXFileReference; lastKnownFileType = sourcecode.swift; path = StoryView.swift; sourceTree = "<group>"; };
		79F87D292BADADAF002B4637 /* ProfileContentBtnModifier.swift */ = {isa = PBXFileReference; lastKnownFileType = sourcecode.swift; path = ProfileContentBtnModifier.swift; sourceTree = "<group>"; };
		79FB9F862BAAFCC6002E329B /* ProfileInfoView.swift */ = {isa = PBXFileReference; lastKnownFileType = sourcecode.swift; path = ProfileInfoView.swift; sourceTree = "<group>"; };
		79FCE4FF2BAC2DAA00C48C5D /* PlusBtnIconView.swift */ = {isa = PBXFileReference; lastKnownFileType = sourcecode.swift; path = PlusBtnIconView.swift; sourceTree = "<group>"; };
		79FCE5022BAC34BE00C48C5D /* FrameExtensionView.swift */ = {isa = PBXFileReference; lastKnownFileType = sourcecode.swift; path = FrameExtensionView.swift; sourceTree = "<group>"; };
		79FCE5052BAC400600C48C5D /* ProfileBtnView.swift */ = {isa = PBXFileReference; lastKnownFileType = sourcecode.swift; path = ProfileBtnView.swift; sourceTree = "<group>"; };
/* End PBXFileReference section */

/* Begin PBXFrameworksBuildPhase section */
		794572062BAACD900035BCB2 /* Frameworks */ = {
			isa = PBXFrameworksBuildPhase;
			buildActionMask = 2147483647;
			files = (
			);
			runOnlyForDeploymentPostprocessing = 0;
		};
/* End PBXFrameworksBuildPhase section */

/* Begin PBXGroup section */
		7935EC1D2BB2B19700AC0585 /* Component */ = {
			isa = PBXGroup;
			children = (
				79FCE4FF2BAC2DAA00C48C5D /* PlusBtnIconView.swift */,
				79708EA22BB450BA009C68E6 /* CircleUserImageview.swift */,
			);
			path = Component;
			sourceTree = "<group>";
		};
		794572002BAACD900035BCB2 = {
			isa = PBXGroup;
			children = (
				7945720B2BAACD900035BCB2 /* InstaGram */,
				7945720A2BAACD900035BCB2 /* Products */,
			);
			sourceTree = "<group>";
		};
		7945720A2BAACD900035BCB2 /* Products */ = {
			isa = PBXGroup;
			children = (
				794572092BAACD900035BCB2 /* InstaGram.app */,
			);
			name = Products;
			sourceTree = "<group>";
		};
		7945720B2BAACD900035BCB2 /* InstaGram */ = {
			isa = PBXGroup;
			children = (
				79F87D282BADAD6E002B4637 /* Modifier */,
				79FCE5012BAC341B00C48C5D /* Extension */,
				79FB9F852BAAFCB7002E329B /* Components */,
				7945721B2BAACF010035BCB2 /* App */,
				7945721A2BAACEF90035BCB2 /* View */,
				796AD7F12BB25F4F00379B50 /* Assets */,
				794572122BAACD910035BCB2 /* Preview Content */,
			);
			path = InstaGram;
			sourceTree = "<group>";
		};
		794572122BAACD910035BCB2 /* Preview Content */ = {
			isa = PBXGroup;
			children = (
				794572132BAACD910035BCB2 /* Preview Assets.xcassets */,
			);
			path = "Preview Content";
			sourceTree = "<group>";
		};
		7945721A2BAACEF90035BCB2 /* View */ = {
			isa = PBXGroup;
			children = (
				795870AB2BB2B56100E5E9E2 /* Home */,
				7945721F2BAAD1D60035BCB2 /* Profile */,
				7945721E2BAAD1420035BCB2 /* TabBar */,
				7945720E2BAACD900035BCB2 /* ContentView.swift */,
			);
			path = View;
			sourceTree = "<group>";
		};
		7945721B2BAACF010035BCB2 /* App */ = {
			isa = PBXGroup;
			children = (
				7945720C2BAACD900035BCB2 /* InstaGramApp.swift */,
			);
			path = App;
			sourceTree = "<group>";
		};
		7945721E2BAAD1420035BCB2 /* TabBar */ = {
			isa = PBXGroup;
			children = (
				7945721C2BAACF270035BCB2 /* MainTabView.swift */,
			);
			path = TabBar;
			sourceTree = "<group>";
		};
		7945721F2BAAD1D60035BCB2 /* Profile */ = {
			isa = PBXGroup;
			children = (
				79B107F52BB10ED90029FD25 /* ProfileContentGridView.swift */,
				794572202BAAD1E10035BCB2 /* ProfileView.swift */,
			);
			path = Profile;
			sourceTree = "<group>";
		};
		795870AB2BB2B56100E5E9E2 /* Home */ = {
			isa = PBXGroup;
			children = (
				795870AC2BB2B56B00E5E9E2 /* HomeView.swift */,
			);
			path = Home;
			sourceTree = "<group>";
		};
		796AD7F12BB25F4F00379B50 /* Assets */ = {
			isa = PBXGroup;
			children = (
				794572102BAACD910035BCB2 /* Assets.xcassets */,
				796AD7EF2BB25F2D00379B50 /* ColorSet.xcassets */,
			);
			path = Assets;
			sourceTree = "<group>";
		};
		79D742C92BB591F600257366 /* Home */ = {
			isa = PBXGroup;
			children = (
				79D742CA2BB5921600257366 /* StoryView.swift */,
			);
			path = Home;
			sourceTree = "<group>";
		};
		79F87D282BADAD6E002B4637 /* Modifier */ = {
			isa = PBXGroup;
			children = (
				79F87D292BADADAF002B4637 /* ProfileContentBtnModifier.swift */,
			);
			path = Modifier;
			sourceTree = "<group>";
		};
		79FB9F852BAAFCB7002E329B /* Components */ = {
			isa = PBXGroup;
			children = (
				7935EC1D2BB2B19700AC0585 /* Component */,
				79D742C92BB591F600257366 /* Home */,
				79FCE5042BAC3FD100C48C5D /* Profile */,
			);
			path = Components;
			sourceTree = "<group>";
		};
		79FCE5012BAC341B00C48C5D /* Extension */ = {
			isa = PBXGroup;
			children = (
				79FCE5022BAC34BE00C48C5D /* FrameExtensionView.swift */,
			);
			path = Extension;
			sourceTree = "<group>";
		};
		79FCE5042BAC3FD100C48C5D /* Profile */ = {
			isa = PBXGroup;
			children = (
				79FB9F862BAAFCC6002E329B /* ProfileInfoView.swift */,
				79FCE5052BAC400600C48C5D /* ProfileBtnView.swift */,
			);
			path = Profile;
			sourceTree = "<group>";
		};
/* End PBXGroup section */

/* Begin PBXNativeTarget section */
		794572082BAACD900035BCB2 /* InstaGram */ = {
			isa = PBXNativeTarget;
			buildConfigurationList = 794572172BAACD910035BCB2 /* Build configuration list for PBXNativeTarget "InstaGram" */;
			buildPhases = (
				794572052BAACD900035BCB2 /* Sources */,
				794572062BAACD900035BCB2 /* Frameworks */,
				794572072BAACD900035BCB2 /* Resources */,
			);
			buildRules = (
			);
			dependencies = (
			);
			name = InstaGram;
			productName = InstaGram;
			productReference = 794572092BAACD900035BCB2 /* InstaGram.app */;
			productType = "com.apple.product-type.application";
		};
/* End PBXNativeTarget section */

/* Begin PBXProject section */
		794572012BAACD900035BCB2 /* Project object */ = {
			isa = PBXProject;
			attributes = {
				BuildIndependentTargetsInParallel = 1;
				LastSwiftUpdateCheck = 1530;
				LastUpgradeCheck = 1530;
				TargetAttributes = {
					794572082BAACD900035BCB2 = {
						CreatedOnToolsVersion = 15.3;
					};
				};
			};
			buildConfigurationList = 794572042BAACD900035BCB2 /* Build configuration list for PBXProject "InstaGram" */;
			compatibilityVersion = "Xcode 14.0";
			developmentRegion = en;
			hasScannedForEncodings = 0;
			knownRegions = (
				en,
				Base,
			);
			mainGroup = 794572002BAACD900035BCB2;
			productRefGroup = 7945720A2BAACD900035BCB2 /* Products */;
			projectDirPath = "";
			projectRoot = "";
			targets = (
				794572082BAACD900035BCB2 /* InstaGram */,
			);
		};
/* End PBXProject section */

/* Begin PBXResourcesBuildPhase section */
		794572072BAACD900035BCB2 /* Resources */ = {
			isa = PBXResourcesBuildPhase;
			buildActionMask = 2147483647;
			files = (
				794572142BAACD910035BCB2 /* Preview Assets.xcassets in Resources */,
				794572112BAACD910035BCB2 /* Assets.xcassets in Resources */,
				796AD7F02BB25F2D00379B50 /* ColorSet.xcassets in Resources */,
			);
			runOnlyForDeploymentPostprocessing = 0;
		};
/* End PBXResourcesBuildPhase section */

/* Begin PBXSourcesBuildPhase section */
		794572052BAACD900035BCB2 /* Sources */ = {
			isa = PBXSourcesBuildPhase;
			buildActionMask = 2147483647;
			files = (
				79F87D2A2BADADAF002B4637 /* ProfileContentBtnModifier.swift in Sources */,
				794572212BAAD1E10035BCB2 /* ProfileView.swift in Sources */,
				7945720F2BAACD900035BCB2 /* ContentView.swift in Sources */,
				7945721D2BAACF270035BCB2 /* MainTabView.swift in Sources */,
				7945720D2BAACD900035BCB2 /* InstaGramApp.swift in Sources */,
				795870AD2BB2B56B00E5E9E2 /* HomeView.swift in Sources */,
				79FCE5032BAC34BE00C48C5D /* FrameExtensionView.swift in Sources */,
				79708EA32BB450BA009C68E6 /* CircleUserImageview.swift in Sources */,
				79FCE5002BAC2DAA00C48C5D /* PlusBtnIconView.swift in Sources */,
				79D742CB2BB5921600257366 /* StoryView.swift in Sources */,
				79FB9F872BAAFCC6002E329B /* ProfileInfoView.swift in Sources */,
				79B107F62BB10ED90029FD25 /* ProfileContentGridView.swift in Sources */,
				79FCE5062BAC400600C48C5D /* ProfileBtnView.swift in Sources */,
			);
			runOnlyForDeploymentPostprocessing = 0;
		};
/* End PBXSourcesBuildPhase section */

/* Begin XCBuildConfiguration section */
		794572152BAACD910035BCB2 /* Debug */ = {
			isa = XCBuildConfiguration;
			buildSettings = {
				ALWAYS_SEARCH_USER_PATHS = NO;
				ASSETCATALOG_COMPILER_GENERATE_SWIFT_ASSET_SYMBOL_EXTENSIONS = YES;
				CLANG_ANALYZER_NONNULL = YES;
				CLANG_ANALYZER_NUMBER_OBJECT_CONVERSION = YES_AGGRESSIVE;
				CLANG_CXX_LANGUAGE_STANDARD = "gnu++20";
				CLANG_ENABLE_MODULES = YES;
				CLANG_ENABLE_OBJC_ARC = YES;
				CLANG_ENABLE_OBJC_WEAK = YES;
				CLANG_WARN_BLOCK_CAPTURE_AUTORELEASING = YES;
				CLANG_WARN_BOOL_CONVERSION = YES;
				CLANG_WARN_COMMA = YES;
				CLANG_WARN_CONSTANT_CONVERSION = YES;
				CLANG_WARN_DEPRECATED_OBJC_IMPLEMENTATIONS = YES;
				CLANG_WARN_DIRECT_OBJC_ISA_USAGE = YES_ERROR;
				CLANG_WARN_DOCUMENTATION_COMMENTS = YES;
				CLANG_WARN_EMPTY_BODY = YES;
				CLANG_WARN_ENUM_CONVERSION = YES;
				CLANG_WARN_INFINITE_RECURSION = YES;
				CLANG_WARN_INT_CONVERSION = YES;
				CLANG_WARN_NON_LITERAL_NULL_CONVERSION = YES;
				CLANG_WARN_OBJC_IMPLICIT_RETAIN_SELF = YES;
				CLANG_WARN_OBJC_LITERAL_CONVERSION = YES;
				CLANG_WARN_OBJC_ROOT_CLASS = YES_ERROR;
				CLANG_WARN_QUOTED_INCLUDE_IN_FRAMEWORK_HEADER = YES;
				CLANG_WARN_RANGE_LOOP_ANALYSIS = YES;
				CLANG_WARN_STRICT_PROTOTYPES = YES;
				CLANG_WARN_SUSPICIOUS_MOVE = YES;
				CLANG_WARN_UNGUARDED_AVAILABILITY = YES_AGGRESSIVE;
				CLANG_WARN_UNREACHABLE_CODE = YES;
				CLANG_WARN__DUPLICATE_METHOD_MATCH = YES;
				COPY_PHASE_STRIP = NO;
				DEBUG_INFORMATION_FORMAT = dwarf;
				ENABLE_STRICT_OBJC_MSGSEND = YES;
				ENABLE_TESTABILITY = YES;
				ENABLE_USER_SCRIPT_SANDBOXING = YES;
				GCC_C_LANGUAGE_STANDARD = gnu17;
				GCC_DYNAMIC_NO_PIC = NO;
				GCC_NO_COMMON_BLOCKS = YES;
				GCC_OPTIMIZATION_LEVEL = 0;
				GCC_PREPROCESSOR_DEFINITIONS = (
					"DEBUG=1",
					"$(inherited)",
				);
				GCC_WARN_64_TO_32_BIT_CONVERSION = YES;
				GCC_WARN_ABOUT_RETURN_TYPE = YES_ERROR;
				GCC_WARN_UNDECLARED_SELECTOR = YES;
				GCC_WARN_UNINITIALIZED_AUTOS = YES_AGGRESSIVE;
				GCC_WARN_UNUSED_FUNCTION = YES;
				GCC_WARN_UNUSED_VARIABLE = YES;
				IPHONEOS_DEPLOYMENT_TARGET = 17.4;
				LOCALIZATION_PREFERS_STRING_CATALOGS = YES;
				MTL_ENABLE_DEBUG_INFO = INCLUDE_SOURCE;
				MTL_FAST_MATH = YES;
				ONLY_ACTIVE_ARCH = YES;
				SDKROOT = iphoneos;
				SWIFT_ACTIVE_COMPILATION_CONDITIONS = "DEBUG $(inherited)";
				SWIFT_OPTIMIZATION_LEVEL = "-Onone";
			};
			name = Debug;
		};
		794572162BAACD910035BCB2 /* Release */ = {
			isa = XCBuildConfiguration;
			buildSettings = {
				ALWAYS_SEARCH_USER_PATHS = NO;
				ASSETCATALOG_COMPILER_GENERATE_SWIFT_ASSET_SYMBOL_EXTENSIONS = YES;
				CLANG_ANALYZER_NONNULL = YES;
				CLANG_ANALYZER_NUMBER_OBJECT_CONVERSION = YES_AGGRESSIVE;
				CLANG_CXX_LANGUAGE_STANDARD = "gnu++20";
				CLANG_ENABLE_MODULES = YES;
				CLANG_ENABLE_OBJC_ARC = YES;
				CLANG_ENABLE_OBJC_WEAK = YES;
				CLANG_WARN_BLOCK_CAPTURE_AUTORELEASING = YES;
				CLANG_WARN_BOOL_CONVERSION = YES;
				CLANG_WARN_COMMA = YES;
				CLANG_WARN_CONSTANT_CONVERSION = YES;
				CLANG_WARN_DEPRECATED_OBJC_IMPLEMENTATIONS = YES;
				CLANG_WARN_DIRECT_OBJC_ISA_USAGE = YES_ERROR;
				CLANG_WARN_DOCUMENTATION_COMMENTS = YES;
				CLANG_WARN_EMPTY_BODY = YES;
				CLANG_WARN_ENUM_CONVERSION = YES;
				CLANG_WARN_INFINITE_RECURSION = YES;
				CLANG_WARN_INT_CONVERSION = YES;
				CLANG_WARN_NON_LITERAL_NULL_CONVERSION = YES;
				CLANG_WARN_OBJC_IMPLICIT_RETAIN_SELF = YES;
				CLANG_WARN_OBJC_LITERAL_CONVERSION = YES;
				CLANG_WARN_OBJC_ROOT_CLASS = YES_ERROR;
				CLANG_WARN_QUOTED_INCLUDE_IN_FRAMEWORK_HEADER = YES;
				CLANG_WARN_RANGE_LOOP_ANALYSIS = YES;
				CLANG_WARN_STRICT_PROTOTYPES = YES;
				CLANG_WARN_SUSPICIOUS_MOVE = YES;
				CLANG_WARN_UNGUARDED_AVAILABILITY = YES_AGGRESSIVE;
				CLANG_WARN_UNREACHABLE_CODE = YES;
				CLANG_WARN__DUPLICATE_METHOD_MATCH = YES;
				COPY_PHASE_STRIP = NO;
				DEBUG_INFORMATION_FORMAT = "dwarf-with-dsym";
				ENABLE_NS_ASSERTIONS = NO;
				ENABLE_STRICT_OBJC_MSGSEND = YES;
				ENABLE_USER_SCRIPT_SANDBOXING = YES;
				GCC_C_LANGUAGE_STANDARD = gnu17;
				GCC_NO_COMMON_BLOCKS = YES;
				GCC_WARN_64_TO_32_BIT_CONVERSION = YES;
				GCC_WARN_ABOUT_RETURN_TYPE = YES_ERROR;
				GCC_WARN_UNDECLARED_SELECTOR = YES;
				GCC_WARN_UNINITIALIZED_AUTOS = YES_AGGRESSIVE;
				GCC_WARN_UNUSED_FUNCTION = YES;
				GCC_WARN_UNUSED_VARIABLE = YES;
				IPHONEOS_DEPLOYMENT_TARGET = 17.4;
				LOCALIZATION_PREFERS_STRING_CATALOGS = YES;
				MTL_ENABLE_DEBUG_INFO = NO;
				MTL_FAST_MATH = YES;
				SDKROOT = iphoneos;
				SWIFT_COMPILATION_MODE = wholemodule;
				VALIDATE_PRODUCT = YES;
			};
			name = Release;
		};
		794572182BAACD910035BCB2 /* Debug */ = {
			isa = XCBuildConfiguration;
			buildSettings = {
				ASSETCATALOG_COMPILER_APPICON_NAME = AppIcon;
				ASSETCATALOG_COMPILER_GLOBAL_ACCENT_COLOR_NAME = AccentColor;
				CODE_SIGN_STYLE = Automatic;
				CURRENT_PROJECT_VERSION = 1;
				DEVELOPMENT_ASSET_PATHS = "\"InstaGram/Preview Content\"";
				DEVELOPMENT_TEAM = 643M6R9A8T;
				ENABLE_PREVIEWS = YES;
				GENERATE_INFOPLIST_FILE = YES;
				INFOPLIST_KEY_UIApplicationSceneManifest_Generation = YES;
				INFOPLIST_KEY_UIApplicationSupportsIndirectInputEvents = YES;
				INFOPLIST_KEY_UILaunchScreen_Generation = YES;
				INFOPLIST_KEY_UISupportedInterfaceOrientations_iPad = "UIInterfaceOrientationPortrait UIInterfaceOrientationPortraitUpsideDown UIInterfaceOrientationLandscapeLeft UIInterfaceOrientationLandscapeRight";
				INFOPLIST_KEY_UISupportedInterfaceOrientations_iPhone = "UIInterfaceOrientationPortrait UIInterfaceOrientationLandscapeLeft UIInterfaceOrientationLandscapeRight";
				LD_RUNPATH_SEARCH_PATHS = (
					"$(inherited)",
					"@executable_path/Frameworks",
				);
				MARKETING_VERSION = 1.0;
				PRODUCT_BUNDLE_IDENTIFIER = com.lsm.InstaGram;
				PRODUCT_NAME = "$(TARGET_NAME)";
				SWIFT_EMIT_LOC_STRINGS = YES;
				SWIFT_VERSION = 5.0;
				TARGETED_DEVICE_FAMILY = "1,2";
			};
			name = Debug;
		};
		794572192BAACD910035BCB2 /* Release */ = {
			isa = XCBuildConfiguration;
			buildSettings = {
				ASSETCATALOG_COMPILER_APPICON_NAME = AppIcon;
				ASSETCATALOG_COMPILER_GLOBAL_ACCENT_COLOR_NAME = AccentColor;
				CODE_SIGN_STYLE = Automatic;
				CURRENT_PROJECT_VERSION = 1;
				DEVELOPMENT_ASSET_PATHS = "\"InstaGram/Preview Content\"";
				DEVELOPMENT_TEAM = 643M6R9A8T;
				ENABLE_PREVIEWS = YES;
				GENERATE_INFOPLIST_FILE = YES;
				INFOPLIST_KEY_UIApplicationSceneManifest_Generation = YES;
				INFOPLIST_KEY_UIApplicationSupportsIndirectInputEvents = YES;
				INFOPLIST_KEY_UILaunchScreen_Generation = YES;
				INFOPLIST_KEY_UISupportedInterfaceOrientations_iPad = "UIInterfaceOrientationPortrait UIInterfaceOrientationPortraitUpsideDown UIInterfaceOrientationLandscapeLeft UIInterfaceOrientationLandscapeRight";
				INFOPLIST_KEY_UISupportedInterfaceOrientations_iPhone = "UIInterfaceOrientationPortrait UIInterfaceOrientationLandscapeLeft UIInterfaceOrientationLandscapeRight";
				LD_RUNPATH_SEARCH_PATHS = (
					"$(inherited)",
					"@executable_path/Frameworks",
				);
				MARKETING_VERSION = 1.0;
				PRODUCT_BUNDLE_IDENTIFIER = com.lsm.InstaGram;
				PRODUCT_NAME = "$(TARGET_NAME)";
				SWIFT_EMIT_LOC_STRINGS = YES;
				SWIFT_VERSION = 5.0;
				TARGETED_DEVICE_FAMILY = "1,2";
			};
			name = Release;
		};
/* End XCBuildConfiguration section */

/* Begin XCConfigurationList section */
		794572042BAACD900035BCB2 /* Build configuration list for PBXProject "InstaGram" */ = {
			isa = XCConfigurationList;
			buildConfigurations = (
				794572152BAACD910035BCB2 /* Debug */,
				794572162BAACD910035BCB2 /* Release */,
			);
			defaultConfigurationIsVisible = 0;
			defaultConfigurationName = Release;
		};
		794572172BAACD910035BCB2 /* Build configuration list for PBXNativeTarget "InstaGram" */ = {
			isa = XCConfigurationList;
			buildConfigurations = (
				794572182BAACD910035BCB2 /* Debug */,
				794572192BAACD910035BCB2 /* Release */,
			);
			defaultConfigurationIsVisible = 0;
			defaultConfigurationName = Release;
		};
/* End XCConfigurationList section */
	};
	rootObject = 794572012BAACD900035BCB2 /* Project object */;
}
